// !$*UTF8*$!
{
	archiveVersion = 1;
	classes = {
	};
	objectVersion = 70;
	objects = {

/* Begin PBXBuildFile section */
		2C8955592C886410005763EF /* HoopMasterApp.swift in Sources */ = {isa = PBXBuildFile; fileRef = 2C8955582C886410005763EF /* HoopMasterApp.swift */; };
		2C89555B2C886410005763EF /* ContentView.swift in Sources */ = {isa = PBXBuildFile; fileRef = 2C89555A2C886410005763EF /* ContentView.swift */; };
		2C89555D2C886411005763EF /* Assets.xcassets in Resources */ = {isa = PBXBuildFile; fileRef = 2C89555C2C886411005763EF /* Assets.xcassets */; };
		2C8955602C886411005763EF /* Preview Assets.xcassets in Resources */ = {isa = PBXBuildFile; fileRef = 2C89555F2C886411005763EF /* Preview Assets.xcassets */; };
		2C89556A2C886411005763EF /* HoopMasterTests.swift in Sources */ = {isa = PBXBuildFile; fileRef = 2C8955692C886411005763EF /* HoopMasterTests.swift */; };
		2C8955742C886411005763EF /* HoopMasterUITests.swift in Sources */ = {isa = PBXBuildFile; fileRef = 2C8955732C886411005763EF /* HoopMasterUITests.swift */; };
		2C8955762C886411005763EF /* HoopMasterUITestsLaunchTests.swift in Sources */ = {isa = PBXBuildFile; fileRef = 2C8955752C886411005763EF /* HoopMasterUITestsLaunchTests.swift */; };
/* End PBXBuildFile section */

/* Begin PBXContainerItemProxy section */
		2C8955662C886411005763EF /* PBXContainerItemProxy */ = {
			isa = PBXContainerItemProxy;
			containerPortal = 2C89554D2C886410005763EF /* Project object */;
			proxyType = 1;
			remoteGlobalIDString = 2C8955542C886410005763EF;
			remoteInfo = HoopMaster;
		};
		2C8955702C886411005763EF /* PBXContainerItemProxy */ = {
			isa = PBXContainerItemProxy;
			containerPortal = 2C89554D2C886410005763EF /* Project object */;
			proxyType = 1;
			remoteGlobalIDString = 2C8955542C886410005763EF;
			remoteInfo = HoopMaster;
		};
/* End PBXContainerItemProxy section */

/* Begin PBXFileReference section */
		2C8955552C886410005763EF /* HoopMaster.app */ = {isa = PBXFileReference; explicitFileType = wrapper.application; includeInIndex = 0; path = HoopMaster.app; sourceTree = BUILT_PRODUCTS_DIR; };
		2C8955582C886410005763EF /* HoopMasterApp.swift */ = {isa = PBXFileReference; lastKnownFileType = sourcecode.swift; path = HoopMasterApp.swift; sourceTree = "<group>"; };
		2C89555A2C886410005763EF /* ContentView.swift */ = {isa = PBXFileReference; lastKnownFileType = sourcecode.swift; path = ContentView.swift; sourceTree = "<group>"; };
		2C89555C2C886411005763EF /* Assets.xcassets */ = {isa = PBXFileReference; lastKnownFileType = folder.assetcatalog; path = Assets.xcassets; sourceTree = "<group>"; };
		2C89555F2C886411005763EF /* Preview Assets.xcassets */ = {isa = PBXFileReference; lastKnownFileType = folder.assetcatalog; path = "Preview Assets.xcassets"; sourceTree = "<group>"; };
		2C8955652C886411005763EF /* HoopMasterTests.xctest */ = {isa = PBXFileReference; explicitFileType = wrapper.cfbundle; includeInIndex = 0; path = HoopMasterTests.xctest; sourceTree = BUILT_PRODUCTS_DIR; };
		2C8955692C886411005763EF /* HoopMasterTests.swift */ = {isa = PBXFileReference; lastKnownFileType = sourcecode.swift; path = HoopMasterTests.swift; sourceTree = "<group>"; };
		2C89556F2C886411005763EF /* HoopMasterUITests.xctest */ = {isa = PBXFileReference; explicitFileType = wrapper.cfbundle; includeInIndex = 0; path = HoopMasterUITests.xctest; sourceTree = BUILT_PRODUCTS_DIR; };
		2C8955732C886411005763EF /* HoopMasterUITests.swift */ = {isa = PBXFileReference; lastKnownFileType = sourcecode.swift; path = HoopMasterUITests.swift; sourceTree = "<group>"; };
		2C8955752C886411005763EF /* HoopMasterUITestsLaunchTests.swift */ = {isa = PBXFileReference; lastKnownFileType = sourcecode.swift; path = HoopMasterUITestsLaunchTests.swift; sourceTree = "<group>"; };
/* End PBXFileReference section */

/* Begin PBXFileSystemSynchronizedRootGroup section */
		2C9581E42CA827E700C1AA12 /* Components */ = {isa = PBXFileSystemSynchronizedRootGroup; explicitFileTypes = {}; explicitFolders = (); path = Components; sourceTree = "<group>"; };
		2C9581E62CA827F700C1AA12 /* Views */ = {isa = PBXFileSystemSynchronizedRootGroup; explicitFileTypes = {}; explicitFolders = (); path = Views; sourceTree = "<group>"; };
/* End PBXFileSystemSynchronizedRootGroup section */

/* Begin PBXFrameworksBuildPhase section */
		2C8955522C886410005763EF /* Frameworks */ = {
			isa = PBXFrameworksBuildPhase;
			buildActionMask = 2147483647;
			files = (
			);
			runOnlyForDeploymentPostprocessing = 0;
		};
		2C8955622C886411005763EF /* Frameworks */ = {
			isa = PBXFrameworksBuildPhase;
			buildActionMask = 2147483647;
			files = (
			);
			runOnlyForDeploymentPostprocessing = 0;
		};
		2C89556C2C886411005763EF /* Frameworks */ = {
			isa = PBXFrameworksBuildPhase;
			buildActionMask = 2147483647;
			files = (
			);
			runOnlyForDeploymentPostprocessing = 0;
		};
/* End PBXFrameworksBuildPhase section */

/* Begin PBXGroup section */
		2C89554C2C886410005763EF = {
			isa = PBXGroup;
			children = (
				2C8955572C886410005763EF /* HoopMaster */,
				2C8955682C886411005763EF /* HoopMasterTests */,
				2C8955722C886411005763EF /* HoopMasterUITests */,
				2C8955562C886410005763EF /* Products */,
			);
			sourceTree = "<group>";
		};
		2C8955562C886410005763EF /* Products */ = {
			isa = PBXGroup;
			children = (
				2C8955552C886410005763EF /* HoopMaster.app */,
				2C8955652C886411005763EF /* HoopMasterTests.xctest */,
				2C89556F2C886411005763EF /* HoopMasterUITests.xctest */,
			);
			name = Products;
			sourceTree = "<group>";
		};
		2C8955572C886410005763EF /* HoopMaster */ = {
			isa = PBXGroup;
			children = (
				2C8955582C886410005763EF /* HoopMasterApp.swift */,
				2C89555A2C886410005763EF /* ContentView.swift */,
				2C9581E62CA827F700C1AA12 /* Views */,
				2C9581E42CA827E700C1AA12 /* Components */,
				2C89555C2C886411005763EF /* Assets.xcassets */,
				2C89555E2C886411005763EF /* Preview Content */,
			);
			path = HoopMaster;
			sourceTree = "<group>";
		};
		2C89555E2C886411005763EF /* Preview Content */ = {
			isa = PBXGroup;
			children = (
				2C89555F2C886411005763EF /* Preview Assets.xcassets */,
			);
			path = "Preview Content";
			sourceTree = "<group>";
		};
		2C8955682C886411005763EF /* HoopMasterTests */ = {
			isa = PBXGroup;
			children = (
				2C8955692C886411005763EF /* HoopMasterTests.swift */,
			);
			path = HoopMasterTests;
			sourceTree = "<group>";
		};
		2C8955722C886411005763EF /* HoopMasterUITests */ = {
			isa = PBXGroup;
			children = (
				2C8955732C886411005763EF /* HoopMasterUITests.swift */,
				2C8955752C886411005763EF /* HoopMasterUITestsLaunchTests.swift */,
			);
			path = HoopMasterUITests;
			sourceTree = "<group>";
		};
/* End PBXGroup section */

/* Begin PBXNativeTarget section */
		2C8955542C886410005763EF /* HoopMaster */ = {
			isa = PBXNativeTarget;
			buildConfigurationList = 2C8955792C886411005763EF /* Build configuration list for PBXNativeTarget "HoopMaster" */;
			buildPhases = (
				2C8955512C886410005763EF /* Sources */,
				2C8955522C886410005763EF /* Frameworks */,
				2C8955532C886410005763EF /* Resources */,
			);
			buildRules = (
			);
			dependencies = (
			);
			fileSystemSynchronizedGroups = (
				2C9581E42CA827E700C1AA12 /* Components */,
				2C9581E62CA827F700C1AA12 /* Views */,
			);
			name = HoopMaster;
			productName = HoopMaster;
			productReference = 2C8955552C886410005763EF /* HoopMaster.app */;
			productType = "com.apple.product-type.application";
		};
		2C8955642C886411005763EF /* HoopMasterTests */ = {
			isa = PBXNativeTarget;
			buildConfigurationList = 2C89557C2C886411005763EF /* Build configuration list for PBXNativeTarget "HoopMasterTests" */;
			buildPhases = (
				2C8955612C886411005763EF /* Sources */,
				2C8955622C886411005763EF /* Frameworks */,
				2C8955632C886411005763EF /* Resources */,
			);
			buildRules = (
			);
			dependencies = (
				2C8955672C886411005763EF /* PBXTargetDependency */,
			);
			name = HoopMasterTests;
			productName = HoopMasterTests;
			productReference = 2C8955652C886411005763EF /* HoopMasterTests.xctest */;
			productType = "com.apple.product-type.bundle.unit-test";
		};
		2C89556E2C886411005763EF /* HoopMasterUITests */ = {
			isa = PBXNativeTarget;
			buildConfigurationList = 2C89557F2C886411005763EF /* Build configuration list for PBXNativeTarget "HoopMasterUITests" */;
			buildPhases = (
				2C89556B2C886411005763EF /* Sources */,
				2C89556C2C886411005763EF /* Frameworks */,
				2C89556D2C886411005763EF /* Resources */,
			);
			buildRules = (
			);
			dependencies = (
				2C8955712C886411005763EF /* PBXTargetDependency */,
			);
			name = HoopMasterUITests;
			productName = HoopMasterUITests;
			productReference = 2C89556F2C886411005763EF /* HoopMasterUITests.xctest */;
			productType = "com.apple.product-type.bundle.ui-testing";
		};
/* End PBXNativeTarget section */

/* Begin PBXProject section */
		2C89554D2C886410005763EF /* Project object */ = {
			isa = PBXProject;
			attributes = {
				BuildIndependentTargetsInParallel = 1;
				LastSwiftUpdateCheck = 1540;
				LastUpgradeCheck = 1540;
				TargetAttributes = {
					2C8955542C886410005763EF = {
						CreatedOnToolsVersion = 15.4;
					};
					2C8955642C886411005763EF = {
						CreatedOnToolsVersion = 15.4;
						TestTargetID = 2C8955542C886410005763EF;
					};
					2C89556E2C886411005763EF = {
						CreatedOnToolsVersion = 15.4;
						TestTargetID = 2C8955542C886410005763EF;
					};
				};
			};
			buildConfigurationList = 2C8955502C886410005763EF /* Build configuration list for PBXProject "HoopMaster" */;
			compatibilityVersion = "Xcode 14.0";
			developmentRegion = en;
			hasScannedForEncodings = 0;
			knownRegions = (
				en,
				Base,
			);
			mainGroup = 2C89554C2C886410005763EF;
			productRefGroup = 2C8955562C886410005763EF /* Products */;
			projectDirPath = "";
			projectRoot = "";
			targets = (
				2C8955542C886410005763EF /* HoopMaster */,
				2C8955642C886411005763EF /* HoopMasterTests */,
				2C89556E2C886411005763EF /* HoopMasterUITests */,
			);
		};
/* End PBXProject section */

/* Begin PBXResourcesBuildPhase section */
		2C8955532C886410005763EF /* Resources */ = {
			isa = PBXResourcesBuildPhase;
			buildActionMask = 2147483647;
			files = (
				2C8955602C886411005763EF /* Preview Assets.xcassets in Resources */,
				2C89555D2C886411005763EF /* Assets.xcassets in Resources */,
			);
			runOnlyForDeploymentPostprocessing = 0;
		};
		2C8955632C886411005763EF /* Resources */ = {
			isa = PBXResourcesBuildPhase;
			buildActionMask = 2147483647;
			files = (
			);
			runOnlyForDeploymentPostprocessing = 0;
		};
		2C89556D2C886411005763EF /* Resources */ = {
			isa = PBXResourcesBuildPhase;
			buildActionMask = 2147483647;
			files = (
			);
			runOnlyForDeploymentPostprocessing = 0;
		};
/* End PBXResourcesBuildPhase section */

/* Begin PBXSourcesBuildPhase section */
		2C8955512C886410005763EF /* Sources */ = {
			isa = PBXSourcesBuildPhase;
			buildActionMask = 2147483647;
			files = (
				2C89555B2C886410005763EF /* ContentView.swift in Sources */,
				2C8955592C886410005763EF /* HoopMasterApp.swift in Sources */,
			);
			runOnlyForDeploymentPostprocessing = 0;
		};
		2C8955612C886411005763EF /* Sources */ = {
			isa = PBXSourcesBuildPhase;
			buildActionMask = 2147483647;
			files = (
				2C89556A2C886411005763EF /* HoopMasterTests.swift in Sources */,
			);
			runOnlyForDeploymentPostprocessing = 0;
		};
		2C89556B2C886411005763EF /* Sources */ = {
			isa = PBXSourcesBuildPhase;
			buildActionMask = 2147483647;
			files = (
				2C8955762C886411005763EF /* HoopMasterUITestsLaunchTests.swift in Sources */,
				2C8955742C886411005763EF /* HoopMasterUITests.swift in Sources */,
			);
			runOnlyForDeploymentPostprocessing = 0;
		};
/* End PBXSourcesBuildPhase section */

/* Begin PBXTargetDependency section */
		2C8955672C886411005763EF /* PBXTargetDependency */ = {
			isa = PBXTargetDependency;
			target = 2C8955542C886410005763EF /* HoopMaster */;
			targetProxy = 2C8955662C886411005763EF /* PBXContainerItemProxy */;
		};
		2C8955712C886411005763EF /* PBXTargetDependency */ = {
			isa = PBXTargetDependency;
			target = 2C8955542C886410005763EF /* HoopMaster */;
			targetProxy = 2C8955702C886411005763EF /* PBXContainerItemProxy */;
		};
/* End PBXTargetDependency section */

/* Begin XCBuildConfiguration section */
		2C8955772C886411005763EF /* Debug */ = {
			isa = XCBuildConfiguration;
			buildSettings = {
				ALWAYS_SEARCH_USER_PATHS = NO;
				ASSETCATALOG_COMPILER_GENERATE_SWIFT_ASSET_SYMBOL_EXTENSIONS = YES;
				CLANG_ANALYZER_NONNULL = YES;
				CLANG_ANALYZER_NUMBER_OBJECT_CONVERSION = YES_AGGRESSIVE;
				CLANG_CXX_LANGUAGE_STANDARD = "gnu++20";
				CLANG_ENABLE_MODULES = YES;
				CLANG_ENABLE_OBJC_ARC = YES;
				CLANG_ENABLE_OBJC_WEAK = YES;
				CLANG_WARN_BLOCK_CAPTURE_AUTORELEASING = YES;
				CLANG_WARN_BOOL_CONVERSION = YES;
				CLANG_WARN_COMMA = YES;
				CLANG_WARN_CONSTANT_CONVERSION = YES;
				CLANG_WARN_DEPRECATED_OBJC_IMPLEMENTATIONS = YES;
				CLANG_WARN_DIRECT_OBJC_ISA_USAGE = YES_ERROR;
				CLANG_WARN_DOCUMENTATION_COMMENTS = YES;
				CLANG_WARN_EMPTY_BODY = YES;
				CLANG_WARN_ENUM_CONVERSION = YES;
				CLANG_WARN_INFINITE_RECURSION = YES;
				CLANG_WARN_INT_CONVERSION = YES;
				CLANG_WARN_NON_LITERAL_NULL_CONVERSION = YES;
				CLANG_WARN_OBJC_IMPLICIT_RETAIN_SELF = YES;
				CLANG_WARN_OBJC_LITERAL_CONVERSION = YES;
				CLANG_WARN_OBJC_ROOT_CLASS = YES_ERROR;
				CLANG_WARN_QUOTED_INCLUDE_IN_FRAMEWORK_HEADER = YES;
				CLANG_WARN_RANGE_LOOP_ANALYSIS = YES;
				CLANG_WARN_STRICT_PROTOTYPES = YES;
				CLANG_WARN_SUSPICIOUS_MOVE = YES;
				CLANG_WARN_UNGUARDED_AVAILABILITY = YES_AGGRESSIVE;
				CLANG_WARN_UNREACHABLE_CODE = YES;
				CLANG_WARN__DUPLICATE_METHOD_MATCH = YES;
				COPY_PHASE_STRIP = NO;
				DEBUG_INFORMATION_FORMAT = dwarf;
				ENABLE_STRICT_OBJC_MSGSEND = YES;
				ENABLE_TESTABILITY = YES;
				ENABLE_USER_SCRIPT_SANDBOXING = YES;
				GCC_C_LANGUAGE_STANDARD = gnu17;
				GCC_DYNAMIC_NO_PIC = NO;
				GCC_NO_COMMON_BLOCKS = YES;
				GCC_OPTIMIZATION_LEVEL = 0;
				GCC_PREPROCESSOR_DEFINITIONS = (
					"DEBUG=1",
					"$(inherited)",
				);
				GCC_WARN_64_TO_32_BIT_CONVERSION = YES;
				GCC_WARN_ABOUT_RETURN_TYPE = YES_ERROR;
				GCC_WARN_UNDECLARED_SELECTOR = YES;
				GCC_WARN_UNINITIALIZED_AUTOS = YES_AGGRESSIVE;
				GCC_WARN_UNUSED_FUNCTION = YES;
				GCC_WARN_UNUSED_VARIABLE = YES;
				IPHONEOS_DEPLOYMENT_TARGET = 17.5;
				LOCALIZATION_PREFERS_STRING_CATALOGS = YES;
				MTL_ENABLE_DEBUG_INFO = INCLUDE_SOURCE;
				MTL_FAST_MATH = YES;
				ONLY_ACTIVE_ARCH = YES;
				SDKROOT = iphoneos;
				SWIFT_ACTIVE_COMPILATION_CONDITIONS = "DEBUG $(inherited)";
				SWIFT_OPTIMIZATION_LEVEL = "-Onone";
			};
			name = Debug;
		};
		2C8955782C886411005763EF /* Release */ = {
			isa = XCBuildConfiguration;
			buildSettings = {
				ALWAYS_SEARCH_USER_PATHS = NO;
				ASSETCATALOG_COMPILER_GENERATE_SWIFT_ASSET_SYMBOL_EXTENSIONS = YES;
				CLANG_ANALYZER_NONNULL = YES;
				CLANG_ANALYZER_NUMBER_OBJECT_CONVERSION = YES_AGGRESSIVE;
				CLANG_CXX_LANGUAGE_STANDARD = "gnu++20";
				CLANG_ENABLE_MODULES = YES;
				CLANG_ENABLE_OBJC_ARC = YES;
				CLANG_ENABLE_OBJC_WEAK = YES;
				CLANG_WARN_BLOCK_CAPTURE_AUTORELEASING = YES;
				CLANG_WARN_BOOL_CONVERSION = YES;
				CLANG_WARN_COMMA = YES;
				CLANG_WARN_CONSTANT_CONVERSION = YES;
				CLANG_WARN_DEPRECATED_OBJC_IMPLEMENTATIONS = YES;
				CLANG_WARN_DIRECT_OBJC_ISA_USAGE = YES_ERROR;
				CLANG_WARN_DOCUMENTATION_COMMENTS = YES;
				CLANG_WARN_EMPTY_BODY = YES;
				CLANG_WARN_ENUM_CONVERSION = YES;
				CLANG_WARN_INFINITE_RECURSION = YES;
				CLANG_WARN_INT_CONVERSION = YES;
				CLANG_WARN_NON_LITERAL_NULL_CONVERSION = YES;
				CLANG_WARN_OBJC_IMPLICIT_RETAIN_SELF = YES;
				CLANG_WARN_OBJC_LITERAL_CONVERSION = YES;
				CLANG_WARN_OBJC_ROOT_CLASS = YES_ERROR;
				CLANG_WARN_QUOTED_INCLUDE_IN_FRAMEWORK_HEADER = YES;
				CLANG_WARN_RANGE_LOOP_ANALYSIS = YES;
				CLANG_WARN_STRICT_PROTOTYPES = YES;
				CLANG_WARN_SUSPICIOUS_MOVE = YES;
				CLANG_WARN_UNGUARDED_AVAILABILITY = YES_AGGRESSIVE;
				CLANG_WARN_UNREACHABLE_CODE = YES;
				CLANG_WARN__DUPLICATE_METHOD_MATCH = YES;
				COPY_PHASE_STRIP = NO;
				DEBUG_INFORMATION_FORMAT = "dwarf-with-dsym";
				ENABLE_NS_ASSERTIONS = NO;
				ENABLE_STRICT_OBJC_MSGSEND = YES;
				ENABLE_USER_SCRIPT_SANDBOXING = YES;
				GCC_C_LANGUAGE_STANDARD = gnu17;
				GCC_NO_COMMON_BLOCKS = YES;
				GCC_WARN_64_TO_32_BIT_CONVERSION = YES;
				GCC_WARN_ABOUT_RETURN_TYPE = YES_ERROR;
				GCC_WARN_UNDECLARED_SELECTOR = YES;
				GCC_WARN_UNINITIALIZED_AUTOS = YES_AGGRESSIVE;
				GCC_WARN_UNUSED_FUNCTION = YES;
				GCC_WARN_UNUSED_VARIABLE = YES;
				IPHONEOS_DEPLOYMENT_TARGET = 17.5;
				LOCALIZATION_PREFERS_STRING_CATALOGS = YES;
				MTL_ENABLE_DEBUG_INFO = NO;
				MTL_FAST_MATH = YES;
				SDKROOT = iphoneos;
				SWIFT_COMPILATION_MODE = wholemodule;
				VALIDATE_PRODUCT = YES;
			};
			name = Release;
		};
		2C89557A2C886411005763EF /* Debug */ = {
			isa = XCBuildConfiguration;
			buildSettings = {
				ASSETCATALOG_COMPILER_APPICON_NAME = AppIcon;
				ASSETCATALOG_COMPILER_GLOBAL_ACCENT_COLOR_NAME = AccentColor;
				CODE_SIGN_STYLE = Automatic;
				CURRENT_PROJECT_VERSION = 1;
				DEVELOPMENT_ASSET_PATHS = "\"HoopMaster/Preview Content\"";
				ENABLE_PREVIEWS = YES;
				GENERATE_INFOPLIST_FILE = YES;
				INFOPLIST_KEY_UIApplicationSceneManifest_Generation = YES;
				INFOPLIST_KEY_UIApplicationSupportsIndirectInputEvents = YES;
				INFOPLIST_KEY_UILaunchScreen_Generation = YES;
				INFOPLIST_KEY_UISupportedInterfaceOrientations_iPad = "UIInterfaceOrientationPortrait UIInterfaceOrientationPortraitUpsideDown UIInterfaceOrientationLandscapeLeft UIInterfaceOrientationLandscapeRight";
				INFOPLIST_KEY_UISupportedInterfaceOrientations_iPhone = "UIInterfaceOrientationPortrait UIInterfaceOrientationLandscapeLeft UIInterfaceOrientationLandscapeRight";
				LD_RUNPATH_SEARCH_PATHS = (
					"$(inherited)",
					"@executable_path/Frameworks",
				);
				MARKETING_VERSION = 1.0;
				PRODUCT_BUNDLE_IDENTIFIER = nl.fhict.HoopMaster;
				PRODUCT_NAME = "$(TARGET_NAME)";
				SWIFT_EMIT_LOC_STRINGS = YES;
				SWIFT_VERSION = 5.0;
				TARGETED_DEVICE_FAMILY = "1,2";
			};
			name = Debug;
		};
		2C89557B2C886411005763EF /* Release */ = {
			isa = XCBuildConfiguration;
			buildSettings = {
				ASSETCATALOG_COMPILER_APPICON_NAME = AppIcon;
				ASSETCATALOG_COMPILER_GLOBAL_ACCENT_COLOR_NAME = AccentColor;
				CODE_SIGN_STYLE = Automatic;
				CURRENT_PROJECT_VERSION = 1;
				DEVELOPMENT_ASSET_PATHS = "\"HoopMaster/Preview Content\"";
				ENABLE_PREVIEWS = YES;
				GENERATE_INFOPLIST_FILE = YES;
				INFOPLIST_KEY_UIApplicationSceneManifest_Generation = YES;
				INFOPLIST_KEY_UIApplicationSupportsIndirectInputEvents = YES;
				INFOPLIST_KEY_UILaunchScreen_Generation = YES;
				INFOPLIST_KEY_UISupportedInterfaceOrientations_iPad = "UIInterfaceOrientationPortrait UIInterfaceOrientationPortraitUpsideDown UIInterfaceOrientationLandscapeLeft UIInterfaceOrientationLandscapeRight";
				INFOPLIST_KEY_UISupportedInterfaceOrientations_iPhone = "UIInterfaceOrientationPortrait UIInterfaceOrientationLandscapeLeft UIInterfaceOrientationLandscapeRight";
				LD_RUNPATH_SEARCH_PATHS = (
					"$(inherited)",
					"@executable_path/Frameworks",
				);
				MARKETING_VERSION = 1.0;
				PRODUCT_BUNDLE_IDENTIFIER = nl.fhict.HoopMaster;
				PRODUCT_NAME = "$(TARGET_NAME)";
				SWIFT_EMIT_LOC_STRINGS = YES;
				SWIFT_VERSION = 5.0;
				TARGETED_DEVICE_FAMILY = "1,2";
			};
			name = Release;
		};
		2C89557D2C886411005763EF /* Debug */ = {
			isa = XCBuildConfiguration;
			buildSettings = {
				ALWAYS_EMBED_SWIFT_STANDARD_LIBRARIES = YES;
				BUNDLE_LOADER = "$(TEST_HOST)";
				CODE_SIGN_STYLE = Automatic;
				CURRENT_PROJECT_VERSION = 1;
				GENERATE_INFOPLIST_FILE = YES;
				IPHONEOS_DEPLOYMENT_TARGET = 17.5;
				MARKETING_VERSION = 1.0;
				PRODUCT_BUNDLE_IDENTIFIER = nl.fhict.HoopMasterTests;
				PRODUCT_NAME = "$(TARGET_NAME)";
				SWIFT_EMIT_LOC_STRINGS = NO;
				SWIFT_VERSION = 5.0;
				TARGETED_DEVICE_FAMILY = "1,2";
				TEST_HOST = "$(BUILT_PRODUCTS_DIR)/HoopMaster.app/$(BUNDLE_EXECUTABLE_FOLDER_PATH)/HoopMaster";
			};
			name = Debug;
		};
		2C89557E2C886411005763EF /* Release */ = {
			isa = XCBuildConfiguration;
			buildSettings = {
				ALWAYS_EMBED_SWIFT_STANDARD_LIBRARIES = YES;
				BUNDLE_LOADER = "$(TEST_HOST)";
				CODE_SIGN_STYLE = Automatic;
				CURRENT_PROJECT_VERSION = 1;
				GENERATE_INFOPLIST_FILE = YES;
				IPHONEOS_DEPLOYMENT_TARGET = 17.5;
				MARKETING_VERSION = 1.0;
				PRODUCT_BUNDLE_IDENTIFIER = nl.fhict.HoopMasterTests;
				PRODUCT_NAME = "$(TARGET_NAME)";
				SWIFT_EMIT_LOC_STRINGS = NO;
				SWIFT_VERSION = 5.0;
				TARGETED_DEVICE_FAMILY = "1,2";
				TEST_HOST = "$(BUILT_PRODUCTS_DIR)/HoopMaster.app/$(BUNDLE_EXECUTABLE_FOLDER_PATH)/HoopMaster";
			};
			name = Release;
		};
		2C8955802C886411005763EF /* Debug */ = {
			isa = XCBuildConfiguration;
			buildSettings = {
				ALWAYS_EMBED_SWIFT_STANDARD_LIBRARIES = YES;
				CODE_SIGN_STYLE = Automatic;
				CURRENT_PROJECT_VERSION = 1;
				GENERATE_INFOPLIST_FILE = YES;
				MARKETING_VERSION = 1.0;
				PRODUCT_BUNDLE_IDENTIFIER = nl.fhict.HoopMasterUITests;
				PRODUCT_NAME = "$(TARGET_NAME)";
				SWIFT_EMIT_LOC_STRINGS = NO;
				SWIFT_VERSION = 5.0;
				TARGETED_DEVICE_FAMILY = "1,2";
				TEST_TARGET_NAME = HoopMaster;
			};
			name = Debug;
		};
		2C8955812C886411005763EF /* Release */ = {
			isa = XCBuildConfiguration;
			buildSettings = {
				ALWAYS_EMBED_SWIFT_STANDARD_LIBRARIES = YES;
				CODE_SIGN_STYLE = Automatic;
				CURRENT_PROJECT_VERSION = 1;
				GENERATE_INFOPLIST_FILE = YES;
				MARKETING_VERSION = 1.0;
				PRODUCT_BUNDLE_IDENTIFIER = nl.fhict.HoopMasterUITests;
				PRODUCT_NAME = "$(TARGET_NAME)";
				SWIFT_EMIT_LOC_STRINGS = NO;
				SWIFT_VERSION = 5.0;
				TARGETED_DEVICE_FAMILY = "1,2";
				TEST_TARGET_NAME = HoopMaster;
			};
			name = Release;
		};
/* End XCBuildConfiguration section */

/* Begin XCConfigurationList section */
		2C8955502C886410005763EF /* Build configuration list for PBXProject "HoopMaster" */ = {
			isa = XCConfigurationList;
			buildConfigurations = (
				2C8955772C886411005763EF /* Debug */,
				2C8955782C886411005763EF /* Release */,
			);
			defaultConfigurationIsVisible = 0;
			defaultConfigurationName = Release;
		};
		2C8955792C886411005763EF /* Build configuration list for PBXNativeTarget "HoopMaster" */ = {
			isa = XCConfigurationList;
			buildConfigurations = (
				2C89557A2C886411005763EF /* Debug */,
				2C89557B2C886411005763EF /* Release */,
			);
			defaultConfigurationIsVisible = 0;
			defaultConfigurationName = Release;
		};
		2C89557C2C886411005763EF /* Build configuration list for PBXNativeTarget "HoopMasterTests" */ = {
			isa = XCConfigurationList;
			buildConfigurations = (
				2C89557D2C886411005763EF /* Debug */,
				2C89557E2C886411005763EF /* Release */,
			);
			defaultConfigurationIsVisible = 0;
			defaultConfigurationName = Release;
		};
		2C89557F2C886411005763EF /* Build configuration list for PBXNativeTarget "HoopMasterUITests" */ = {
			isa = XCConfigurationList;
			buildConfigurations = (
				2C8955802C886411005763EF /* Debug */,
				2C8955812C886411005763EF /* Release */,
			);
			defaultConfigurationIsVisible = 0;
			defaultConfigurationName = Release;
		};
/* End XCConfigurationList section */
	};
	rootObject = 2C89554D2C886410005763EF /* Project object */;
}
